// !$*UTF8*$!
{
	archiveVersion = 1;
	classes = {
	};
	objectVersion = 50;
	objects = {

/* Begin PBXBuildFile section */
		0C4FACDC23A92DF200E78B85 /* AppDelegate.swift in Sources */ = {isa = PBXBuildFile; fileRef = 0C4FACDB23A92DF200E78B85 /* AppDelegate.swift */; };
		0C4FACDE23A92DF200E78B85 /* SceneDelegate.swift in Sources */ = {isa = PBXBuildFile; fileRef = 0C4FACDD23A92DF200E78B85 /* SceneDelegate.swift */; };
		0C4FACE023A92DF200E78B85 /* ViewController.swift in Sources */ = {isa = PBXBuildFile; fileRef = 0C4FACDF23A92DF200E78B85 /* ViewController.swift */; };
		0C4FACE323A92DF200E78B85 /* Main.storyboard in Resources */ = {isa = PBXBuildFile; fileRef = 0C4FACE123A92DF200E78B85 /* Main.storyboard */; };
		0C4FACE523A92DF800E78B85 /* Assets.xcassets in Resources */ = {isa = PBXBuildFile; fileRef = 0C4FACE423A92DF800E78B85 /* Assets.xcassets */; };
		0C4FACE823A92DF800E78B85 /* LaunchScreen.storyboard in Resources */ = {isa = PBXBuildFile; fileRef = 0C4FACE623A92DF800E78B85 /* LaunchScreen.storyboard */; };
		0C4FACF023A934B700E78B85 /* AppError.swift in Sources */ = {isa = PBXBuildFile; fileRef = 0C4FACEF23A934B700E78B85 /* AppError.swift */; };
		0C4FACF223A934D800E78B85 /* NetworkHelper.swift in Sources */ = {isa = PBXBuildFile; fileRef = 0C4FACF123A934D800E78B85 /* NetworkHelper.swift */; };
		0C4FACF523A9357A00E78B85 /* PodcastAPI.swift in Sources */ = {isa = PBXBuildFile; fileRef = 0C4FACF423A9357A00E78B85 /* PodcastAPI.swift */; };
		0C4FACF723A936EE00E78B85 /* Podcast.swift in Sources */ = {isa = PBXBuildFile; fileRef = 0C4FACF623A936EE00E78B85 /* Podcast.swift */; };
		0C4FACFC23A94C1800E78B85 /* UIViewContoller + Alerts.swift in Sources */ = {isa = PBXBuildFile; fileRef = 0C4FACFB23A94C1800E78B85 /* UIViewContoller + Alerts.swift */; };
		0C4FAD0023A94E7100E78B85 /* PodcastCell.swift in Sources */ = {isa = PBXBuildFile; fileRef = 0C4FACFF23A94E7100E78B85 /* PodcastCell.swift */; };
		0C4FAD0223A969EB00E78B85 /* UIImageView + Extensions.swift in Sources */ = {isa = PBXBuildFile; fileRef = 0C4FAD0123A969EB00E78B85 /* UIImageView + Extensions.swift */; };
		0C4FAD0423A9737700E78B85 /* DetailViewController.swift in Sources */ = {isa = PBXBuildFile; fileRef = 0C4FAD0323A9737700E78B85 /* DetailViewController.swift */; };
		0C4FAD0623A989FE00E78B85 /* PostedPodcast.swift in Sources */ = {isa = PBXBuildFile; fileRef = 0C4FAD0523A989FE00E78B85 /* PostedPodcast.swift */; };
		0C4FAD0E23AA7A2C00E78B85 /* PodcastFavoritesTests.swift in Sources */ = {isa = PBXBuildFile; fileRef = 0C4FAD0D23AA7A2C00E78B85 /* PodcastFavoritesTests.swift */; };
/* End PBXBuildFile section */

/* Begin PBXContainerItemProxy section */
		0C4FAD1023AA7A2C00E78B85 /* PBXContainerItemProxy */ = {
			isa = PBXContainerItemProxy;
			containerPortal = 0C4FACD023A92DF200E78B85 /* Project object */;
			proxyType = 1;
			remoteGlobalIDString = 0C4FACD723A92DF200E78B85;
			remoteInfo = PodcastFavorites;
		};
/* End PBXContainerItemProxy section */

/* Begin PBXFileReference section */
		0C4FACD823A92DF200E78B85 /* PodcastFavorites.app */ = {isa = PBXFileReference; explicitFileType = wrapper.application; includeInIndex = 0; path = PodcastFavorites.app; sourceTree = BUILT_PRODUCTS_DIR; };
		0C4FACDB23A92DF200E78B85 /* AppDelegate.swift */ = {isa = PBXFileReference; lastKnownFileType = sourcecode.swift; path = AppDelegate.swift; sourceTree = "<group>"; };
		0C4FACDD23A92DF200E78B85 /* SceneDelegate.swift */ = {isa = PBXFileReference; lastKnownFileType = sourcecode.swift; path = SceneDelegate.swift; sourceTree = "<group>"; };
		0C4FACDF23A92DF200E78B85 /* ViewController.swift */ = {isa = PBXFileReference; lastKnownFileType = sourcecode.swift; path = ViewController.swift; sourceTree = "<group>"; };
		0C4FACE223A92DF200E78B85 /* Base */ = {isa = PBXFileReference; lastKnownFileType = file.storyboard; name = Base; path = Base.lproj/Main.storyboard; sourceTree = "<group>"; };
		0C4FACE423A92DF800E78B85 /* Assets.xcassets */ = {isa = PBXFileReference; lastKnownFileType = folder.assetcatalog; path = Assets.xcassets; sourceTree = "<group>"; };
		0C4FACE723A92DF800E78B85 /* Base */ = {isa = PBXFileReference; lastKnownFileType = file.storyboard; name = Base; path = Base.lproj/LaunchScreen.storyboard; sourceTree = "<group>"; };
		0C4FACE923A92DF800E78B85 /* Info.plist */ = {isa = PBXFileReference; lastKnownFileType = text.plist.xml; path = Info.plist; sourceTree = "<group>"; };
		0C4FACEF23A934B700E78B85 /* AppError.swift */ = {isa = PBXFileReference; lastKnownFileType = sourcecode.swift; path = AppError.swift; sourceTree = "<group>"; };
		0C4FACF123A934D800E78B85 /* NetworkHelper.swift */ = {isa = PBXFileReference; lastKnownFileType = sourcecode.swift; path = NetworkHelper.swift; sourceTree = "<group>"; };
		0C4FACF423A9357A00E78B85 /* PodcastAPI.swift */ = {isa = PBXFileReference; lastKnownFileType = sourcecode.swift; path = PodcastAPI.swift; sourceTree = "<group>"; };
		0C4FACF623A936EE00E78B85 /* Podcast.swift */ = {isa = PBXFileReference; lastKnownFileType = sourcecode.swift; path = Podcast.swift; sourceTree = "<group>"; };
		0C4FACFB23A94C1800E78B85 /* UIViewContoller + Alerts.swift */ = {isa = PBXFileReference; lastKnownFileType = sourcecode.swift; path = "UIViewContoller + Alerts.swift"; sourceTree = "<group>"; };
		0C4FACFF23A94E7100E78B85 /* PodcastCell.swift */ = {isa = PBXFileReference; lastKnownFileType = sourcecode.swift; path = PodcastCell.swift; sourceTree = "<group>"; };
		0C4FAD0123A969EB00E78B85 /* UIImageView + Extensions.swift */ = {isa = PBXFileReference; lastKnownFileType = sourcecode.swift; path = "UIImageView + Extensions.swift"; sourceTree = "<group>"; };
		0C4FAD0323A9737700E78B85 /* DetailViewController.swift */ = {isa = PBXFileReference; lastKnownFileType = sourcecode.swift; path = DetailViewController.swift; sourceTree = "<group>"; };
		0C4FAD0523A989FE00E78B85 /* PostedPodcast.swift */ = {isa = PBXFileReference; lastKnownFileType = sourcecode.swift; path = PostedPodcast.swift; sourceTree = "<group>"; };
		0C4FAD0B23AA7A2C00E78B85 /* PodcastFavoritesTests.xctest */ = {isa = PBXFileReference; explicitFileType = wrapper.cfbundle; includeInIndex = 0; path = PodcastFavoritesTests.xctest; sourceTree = BUILT_PRODUCTS_DIR; };
		0C4FAD0D23AA7A2C00E78B85 /* PodcastFavoritesTests.swift */ = {isa = PBXFileReference; lastKnownFileType = sourcecode.swift; path = PodcastFavoritesTests.swift; sourceTree = "<group>"; };
		0C4FAD0F23AA7A2C00E78B85 /* Info.plist */ = {isa = PBXFileReference; lastKnownFileType = text.plist.xml; path = Info.plist; sourceTree = "<group>"; };
/* End PBXFileReference section */

/* Begin PBXFrameworksBuildPhase section */
		0C4FACD523A92DF200E78B85 /* Frameworks */ = {
			isa = PBXFrameworksBuildPhase;
			buildActionMask = 2147483647;
			files = (
			);
			runOnlyForDeploymentPostprocessing = 0;
		};
		0C4FAD0823AA7A2C00E78B85 /* Frameworks */ = {
			isa = PBXFrameworksBuildPhase;
			buildActionMask = 2147483647;
			files = (
			);
			runOnlyForDeploymentPostprocessing = 0;
		};
/* End PBXFrameworksBuildPhase section */

/* Begin PBXGroup section */
		0C4FACCF23A92DF200E78B85 = {
			isa = PBXGroup;
			children = (
				0C4FACDA23A92DF200E78B85 /* PodcastFavorites */,
				0C4FACF823A93A4200E78B85 /* Podcast List */,
				0C4FACF923A93A8100E78B85 /* Favorites */,
				0C4FACF323A934F900E78B85 /* Network-Services */,
				0C4FACFA23A94BF000E78B85 /* Extensions */,
				0C4FAD0C23AA7A2C00E78B85 /* PodcastFavoritesTests */,
				0C4FACD923A92DF200E78B85 /* Products */,
			);
			sourceTree = "<group>";
		};
		0C4FACD923A92DF200E78B85 /* Products */ = {
			isa = PBXGroup;
			children = (
				0C4FACD823A92DF200E78B85 /* PodcastFavorites.app */,
				0C4FAD0B23AA7A2C00E78B85 /* PodcastFavoritesTests.xctest */,
			);
			name = Products;
			sourceTree = "<group>";
		};
		0C4FACDA23A92DF200E78B85 /* PodcastFavorites */ = {
			isa = PBXGroup;
			children = (
				0C4FACDB23A92DF200E78B85 /* AppDelegate.swift */,
				0C4FACDD23A92DF200E78B85 /* SceneDelegate.swift */,
				0C4FACE123A92DF200E78B85 /* Main.storyboard */,
				0C4FACE423A92DF800E78B85 /* Assets.xcassets */,
				0C4FACE623A92DF800E78B85 /* LaunchScreen.storyboard */,
				0C4FACE923A92DF800E78B85 /* Info.plist */,
				0C4FACF623A936EE00E78B85 /* Podcast.swift */,
				0C4FACFF23A94E7100E78B85 /* PodcastCell.swift */,
				0C4FAD0523A989FE00E78B85 /* PostedPodcast.swift */,
				0C4FAD0323A9737700E78B85 /* DetailViewController.swift */,
			);
			path = PodcastFavorites;
			sourceTree = "<group>";
		};
		0C4FACF323A934F900E78B85 /* Network-Services */ = {
			isa = PBXGroup;
			children = (
				0C4FACF123A934D800E78B85 /* NetworkHelper.swift */,
				0C4FACEF23A934B700E78B85 /* AppError.swift */,
				0C4FACF423A9357A00E78B85 /* PodcastAPI.swift */,
			);
			path = "Network-Services";
			sourceTree = "<group>";
		};
		0C4FACF823A93A4200E78B85 /* Podcast List */ = {
			isa = PBXGroup;
			children = (
				0C4FACDF23A92DF200E78B85 /* ViewController.swift */,
			);
			path = "Podcast List";
			sourceTree = "<group>";
		};
		0C4FACF923A93A8100E78B85 /* Favorites */ = {
			isa = PBXGroup;
			children = (
			);
			path = Favorites;
			sourceTree = "<group>";
		};
		0C4FACFA23A94BF000E78B85 /* Extensions */ = {
			isa = PBXGroup;
			children = (
				0C4FACFB23A94C1800E78B85 /* UIViewContoller + Alerts.swift */,
				0C4FAD0123A969EB00E78B85 /* UIImageView + Extensions.swift */,
			);
			path = Extensions;
			sourceTree = "<group>";
		};
		0C4FAD0C23AA7A2C00E78B85 /* PodcastFavoritesTests */ = {
			isa = PBXGroup;
			children = (
				0C4FAD0D23AA7A2C00E78B85 /* PodcastFavoritesTests.swift */,
				0C4FAD0F23AA7A2C00E78B85 /* Info.plist */,
			);
			path = PodcastFavoritesTests;
			sourceTree = "<group>";
		};
/* End PBXGroup section */

/* Begin PBXNativeTarget section */
		0C4FACD723A92DF200E78B85 /* PodcastFavorites */ = {
			isa = PBXNativeTarget;
			buildConfigurationList = 0C4FACEC23A92DF800E78B85 /* Build configuration list for PBXNativeTarget "PodcastFavorites" */;
			buildPhases = (
				0C4FACD423A92DF200E78B85 /* Sources */,
				0C4FACD523A92DF200E78B85 /* Frameworks */,
				0C4FACD623A92DF200E78B85 /* Resources */,
			);
			buildRules = (
			);
			dependencies = (
			);
			name = PodcastFavorites;
			productName = PodcastFavorites;
			productReference = 0C4FACD823A92DF200E78B85 /* PodcastFavorites.app */;
			productType = "com.apple.product-type.application";
		};
		0C4FAD0A23AA7A2C00E78B85 /* PodcastFavoritesTests */ = {
			isa = PBXNativeTarget;
			buildConfigurationList = 0C4FAD1223AA7A2C00E78B85 /* Build configuration list for PBXNativeTarget "PodcastFavoritesTests" */;
			buildPhases = (
				0C4FAD0723AA7A2C00E78B85 /* Sources */,
				0C4FAD0823AA7A2C00E78B85 /* Frameworks */,
				0C4FAD0923AA7A2C00E78B85 /* Resources */,
			);
			buildRules = (
			);
			dependencies = (
				0C4FAD1123AA7A2C00E78B85 /* PBXTargetDependency */,
			);
			name = PodcastFavoritesTests;
			productName = PodcastFavoritesTests;
			productReference = 0C4FAD0B23AA7A2C00E78B85 /* PodcastFavoritesTests.xctest */;
			productType = "com.apple.product-type.bundle.unit-test";
		};
/* End PBXNativeTarget section */

/* Begin PBXProject section */
		0C4FACD023A92DF200E78B85 /* Project object */ = {
			isa = PBXProject;
			attributes = {
				LastSwiftUpdateCheck = 1120;
				LastUpgradeCheck = 1120;
				ORGANIZATIONNAME = "Matthew Ramos";
				TargetAttributes = {
					0C4FACD723A92DF200E78B85 = {
						CreatedOnToolsVersion = 11.2.1;
					};
					0C4FAD0A23AA7A2C00E78B85 = {
						CreatedOnToolsVersion = 11.2.1;
						TestTargetID = 0C4FACD723A92DF200E78B85;
					};
				};
			};
			buildConfigurationList = 0C4FACD323A92DF200E78B85 /* Build configuration list for PBXProject "PodcastFavorites" */;
			compatibilityVersion = "Xcode 9.3";
			developmentRegion = en;
			hasScannedForEncodings = 0;
			knownRegions = (
				en,
				Base,
			);
			mainGroup = 0C4FACCF23A92DF200E78B85;
			productRefGroup = 0C4FACD923A92DF200E78B85 /* Products */;
			projectDirPath = "";
			projectRoot = "";
			targets = (
				0C4FACD723A92DF200E78B85 /* PodcastFavorites */,
				0C4FAD0A23AA7A2C00E78B85 /* PodcastFavoritesTests */,
			);
		};
/* End PBXProject section */

/* Begin PBXResourcesBuildPhase section */
		0C4FACD623A92DF200E78B85 /* Resources */ = {
			isa = PBXResourcesBuildPhase;
			buildActionMask = 2147483647;
			files = (
				0C4FACE823A92DF800E78B85 /* LaunchScreen.storyboard in Resources */,
				0C4FACE523A92DF800E78B85 /* Assets.xcassets in Resources */,
				0C4FACE323A92DF200E78B85 /* Main.storyboard in Resources */,
			);
			runOnlyForDeploymentPostprocessing = 0;
		};
		0C4FAD0923AA7A2C00E78B85 /* Resources */ = {
			isa = PBXResourcesBuildPhase;
			buildActionMask = 2147483647;
			files = (
			);
			runOnlyForDeploymentPostprocessing = 0;
		};
/* End PBXResourcesBuildPhase section */

/* Begin PBXSourcesBuildPhase section */
		0C4FACD423A92DF200E78B85 /* Sources */ = {
			isa = PBXSourcesBuildPhase;
			buildActionMask = 2147483647;
			files = (
				0C4FAD0423A9737700E78B85 /* DetailViewController.swift in Sources */,
				0C4FACF023A934B700E78B85 /* AppError.swift in Sources */,
				0C4FACF723A936EE00E78B85 /* Podcast.swift in Sources */,
				0C4FAD0623A989FE00E78B85 /* PostedPodcast.swift in Sources */,
				0C4FACFC23A94C1800E78B85 /* UIViewContoller + Alerts.swift in Sources */,
				0C4FACE023A92DF200E78B85 /* ViewController.swift in Sources */,
				0C4FAD0223A969EB00E78B85 /* UIImageView + Extensions.swift in Sources */,
				0C4FACF223A934D800E78B85 /* NetworkHelper.swift in Sources */,
				0C4FACDC23A92DF200E78B85 /* AppDelegate.swift in Sources */,
				0C4FACDE23A92DF200E78B85 /* SceneDelegate.swift in Sources */,
				0C4FAD0023A94E7100E78B85 /* PodcastCell.swift in Sources */,
				0C4FACF523A9357A00E78B85 /* PodcastAPI.swift in Sources */,
			);
			runOnlyForDeploymentPostprocessing = 0;
		};
		0C4FAD0723AA7A2C00E78B85 /* Sources */ = {
			isa = PBXSourcesBuildPhase;
			buildActionMask = 2147483647;
			files = (
				0C4FAD0E23AA7A2C00E78B85 /* PodcastFavoritesTests.swift in Sources */,
			);
			runOnlyForDeploymentPostprocessing = 0;
		};
/* End PBXSourcesBuildPhase section */

/* Begin PBXTargetDependency section */
		0C4FAD1123AA7A2C00E78B85 /* PBXTargetDependency */ = {
			isa = PBXTargetDependency;
			target = 0C4FACD723A92DF200E78B85 /* PodcastFavorites */;
			targetProxy = 0C4FAD1023AA7A2C00E78B85 /* PBXContainerItemProxy */;
		};
/* End PBXTargetDependency section */

/* Begin PBXVariantGroup section */
		0C4FACE123A92DF200E78B85 /* Main.storyboard */ = {
			isa = PBXVariantGroup;
			children = (
				0C4FACE223A92DF200E78B85 /* Base */,
			);
			name = Main.storyboard;
			sourceTree = "<group>";
		};
		0C4FACE623A92DF800E78B85 /* LaunchScreen.storyboard */ = {
			isa = PBXVariantGroup;
			children = (
				0C4FACE723A92DF800E78B85 /* Base */,
			);
			name = LaunchScreen.storyboard;
			sourceTree = "<group>";
		};
/* End PBXVariantGroup section */

/* Begin XCBuildConfiguration section */
		0C4FACEA23A92DF800E78B85 /* Debug */ = {
			isa = XCBuildConfiguration;
			buildSettings = {
				ALWAYS_SEARCH_USER_PATHS = NO;
				CLANG_ANALYZER_NONNULL = YES;
				CLANG_ANALYZER_NUMBER_OBJECT_CONVERSION = YES_AGGRESSIVE;
				CLANG_CXX_LANGUAGE_STANDARD = "gnu++14";
				CLANG_CXX_LIBRARY = "libc++";
				CLANG_ENABLE_MODULES = YES;
				CLANG_ENABLE_OBJC_ARC = YES;
				CLANG_ENABLE_OBJC_WEAK = YES;
				CLANG_WARN_BLOCK_CAPTURE_AUTORELEASING = YES;
				CLANG_WARN_BOOL_CONVERSION = YES;
				CLANG_WARN_COMMA = YES;
				CLANG_WARN_CONSTANT_CONVERSION = YES;
				CLANG_WARN_DEPRECATED_OBJC_IMPLEMENTATIONS = YES;
				CLANG_WARN_DIRECT_OBJC_ISA_USAGE = YES_ERROR;
				CLANG_WARN_DOCUMENTATION_COMMENTS = YES;
				CLANG_WARN_EMPTY_BODY = YES;
				CLANG_WARN_ENUM_CONVERSION = YES;
				CLANG_WARN_INFINITE_RECURSION = YES;
				CLANG_WARN_INT_CONVERSION = YES;
				CLANG_WARN_NON_LITERAL_NULL_CONVERSION = YES;
				CLANG_WARN_OBJC_IMPLICIT_RETAIN_SELF = YES;
				CLANG_WARN_OBJC_LITERAL_CONVERSION = YES;
				CLANG_WARN_OBJC_ROOT_CLASS = YES_ERROR;
				CLANG_WARN_RANGE_LOOP_ANALYSIS = YES;
				CLANG_WARN_STRICT_PROTOTYPES = YES;
				CLANG_WARN_SUSPICIOUS_MOVE = YES;
				CLANG_WARN_UNGUARDED_AVAILABILITY = YES_AGGRESSIVE;
				CLANG_WARN_UNREACHABLE_CODE = YES;
				CLANG_WARN__DUPLICATE_METHOD_MATCH = YES;
				COPY_PHASE_STRIP = NO;
				DEBUG_INFORMATION_FORMAT = dwarf;
				ENABLE_STRICT_OBJC_MSGSEND = YES;
				ENABLE_TESTABILITY = YES;
				GCC_C_LANGUAGE_STANDARD = gnu11;
				GCC_DYNAMIC_NO_PIC = NO;
				GCC_NO_COMMON_BLOCKS = YES;
				GCC_OPTIMIZATION_LEVEL = 0;
				GCC_PREPROCESSOR_DEFINITIONS = (
					"DEBUG=1",
					"$(inherited)",
				);
				GCC_WARN_64_TO_32_BIT_CONVERSION = YES;
				GCC_WARN_ABOUT_RETURN_TYPE = YES_ERROR;
				GCC_WARN_UNDECLARED_SELECTOR = YES;
				GCC_WARN_UNINITIALIZED_AUTOS = YES_AGGRESSIVE;
				GCC_WARN_UNUSED_FUNCTION = YES;
				GCC_WARN_UNUSED_VARIABLE = YES;
				IPHONEOS_DEPLOYMENT_TARGET = 13.2;
				MTL_ENABLE_DEBUG_INFO = INCLUDE_SOURCE;
				MTL_FAST_MATH = YES;
				ONLY_ACTIVE_ARCH = YES;
				SDKROOT = iphoneos;
				SWIFT_ACTIVE_COMPILATION_CONDITIONS = DEBUG;
				SWIFT_OPTIMIZATION_LEVEL = "-Onone";
			};
			name = Debug;
		};
		0C4FACEB23A92DF800E78B85 /* Release */ = {
			isa = XCBuildConfiguration;
			buildSettings = {
				ALWAYS_SEARCH_USER_PATHS = NO;
				CLANG_ANALYZER_NONNULL = YES;
				CLANG_ANALYZER_NUMBER_OBJECT_CONVERSION = YES_AGGRESSIVE;
				CLANG_CXX_LANGUAGE_STANDARD = "gnu++14";
				CLANG_CXX_LIBRARY = "libc++";
				CLANG_ENABLE_MODULES = YES;
				CLANG_ENABLE_OBJC_ARC = YES;
				CLANG_ENABLE_OBJC_WEAK = YES;
				CLANG_WARN_BLOCK_CAPTURE_AUTORELEASING = YES;
				CLANG_WARN_BOOL_CONVERSION = YES;
				CLANG_WARN_COMMA = YES;
				CLANG_WARN_CONSTANT_CONVERSION = YES;
				CLANG_WARN_DEPRECATED_OBJC_IMPLEMENTATIONS = YES;
				CLANG_WARN_DIRECT_OBJC_ISA_USAGE = YES_ERROR;
				CLANG_WARN_DOCUMENTATION_COMMENTS = YES;
				CLANG_WARN_EMPTY_BODY = YES;
				CLANG_WARN_ENUM_CONVERSION = YES;
				CLANG_WARN_INFINITE_RECURSION = YES;
				CLANG_WARN_INT_CONVERSION = YES;
				CLANG_WARN_NON_LITERAL_NULL_CONVERSION = YES;
				CLANG_WARN_OBJC_IMPLICIT_RETAIN_SELF = YES;
				CLANG_WARN_OBJC_LITERAL_CONVERSION = YES;
				CLANG_WARN_OBJC_ROOT_CLASS = YES_ERROR;
				CLANG_WARN_RANGE_LOOP_ANALYSIS = YES;
				CLANG_WARN_STRICT_PROTOTYPES = YES;
				CLANG_WARN_SUSPICIOUS_MOVE = YES;
				CLANG_WARN_UNGUARDED_AVAILABILITY = YES_AGGRESSIVE;
				CLANG_WARN_UNREACHABLE_CODE = YES;
				CLANG_WARN__DUPLICATE_METHOD_MATCH = YES;
				COPY_PHASE_STRIP = NO;
				DEBUG_INFORMATION_FORMAT = "dwarf-with-dsym";
				ENABLE_NS_ASSERTIONS = NO;
				ENABLE_STRICT_OBJC_MSGSEND = YES;
				GCC_C_LANGUAGE_STANDARD = gnu11;
				GCC_NO_COMMON_BLOCKS = YES;
				GCC_WARN_64_TO_32_BIT_CONVERSION = YES;
				GCC_WARN_ABOUT_RETURN_TYPE = YES_ERROR;
				GCC_WARN_UNDECLARED_SELECTOR = YES;
				GCC_WARN_UNINITIALIZED_AUTOS = YES_AGGRESSIVE;
				GCC_WARN_UNUSED_FUNCTION = YES;
				GCC_WARN_UNUSED_VARIABLE = YES;
				IPHONEOS_DEPLOYMENT_TARGET = 13.2;
				MTL_ENABLE_DEBUG_INFO = NO;
				MTL_FAST_MATH = YES;
				SDKROOT = iphoneos;
				SWIFT_COMPILATION_MODE = wholemodule;
				SWIFT_OPTIMIZATION_LEVEL = "-O";
				VALIDATE_PRODUCT = YES;
			};
			name = Release;
		};
		0C4FACED23A92DF800E78B85 /* Debug */ = {
			isa = XCBuildConfiguration;
			buildSettings = {
				ASSETCATALOG_COMPILER_APPICON_NAME = AppIcon;
				CODE_SIGN_STYLE = Automatic;
				DEVELOPMENT_TEAM = HHA5GS3CVN;
				INFOPLIST_FILE = PodcastFavorites/Info.plist;
				LD_RUNPATH_SEARCH_PATHS = (
					"$(inherited)",
					"@executable_path/Frameworks",
				);
				PRODUCT_BUNDLE_IDENTIFIER = com.matthewramos.PodcastFavorites;
				PRODUCT_NAME = "$(TARGET_NAME)";
				SWIFT_VERSION = 5.0;
				TARGETED_DEVICE_FAMILY = "1,2";
			};
			name = Debug;
		};
		0C4FACEE23A92DF800E78B85 /* Release */ = {
			isa = XCBuildConfiguration;
			buildSettings = {
				ASSETCATALOG_COMPILER_APPICON_NAME = AppIcon;
				CODE_SIGN_STYLE = Automatic;
				DEVELOPMENT_TEAM = HHA5GS3CVN;
				INFOPLIST_FILE = PodcastFavorites/Info.plist;
				LD_RUNPATH_SEARCH_PATHS = (
					"$(inherited)",
					"@executable_path/Frameworks",
				);
				PRODUCT_BUNDLE_IDENTIFIER = com.matthewramos.PodcastFavorites;
				PRODUCT_NAME = "$(TARGET_NAME)";
				SWIFT_VERSION = 5.0;
				TARGETED_DEVICE_FAMILY = "1,2";
			};
			name = Release;
		};
		0C4FAD1323AA7A2C00E78B85 /* Debug */ = {
			isa = XCBuildConfiguration;
			buildSettings = {
				BUNDLE_LOADER = "$(TEST_HOST)";
				CODE_SIGN_STYLE = Automatic;
				DEVELOPMENT_TEAM = HHA5GS3CVN;
				INFOPLIST_FILE = PodcastFavoritesTests/Info.plist;
				LD_RUNPATH_SEARCH_PATHS = (
					"$(inherited)",
					"@executable_path/Frameworks",
					"@loader_path/Frameworks",
				);
				PRODUCT_BUNDLE_IDENTIFIER = com.matthewramos.PodcastFavoritesTests;
				PRODUCT_NAME = "$(TARGET_NAME)";
				SWIFT_VERSION = 5.0;
				TARGETED_DEVICE_FAMILY = "1,2";
				TEST_HOST = "$(BUILT_PRODUCTS_DIR)/PodcastFavorites.app/PodcastFavorites";
			};
			name = Debug;
		};
		0C4FAD1423AA7A2C00E78B85 /* Release */ = {
			isa = XCBuildConfiguration;
			buildSettings = {
				BUNDLE_LOADER = "$(TEST_HOST)";
				CODE_SIGN_STYLE = Automatic;
				DEVELOPMENT_TEAM = HHA5GS3CVN;
				INFOPLIST_FILE = PodcastFavoritesTests/Info.plist;
				LD_RUNPATH_SEARCH_PATHS = (
					"$(inherited)",
					"@executable_path/Frameworks",
					"@loader_path/Frameworks",
				);
				PRODUCT_BUNDLE_IDENTIFIER = com.matthewramos.PodcastFavoritesTests;
				PRODUCT_NAME = "$(TARGET_NAME)";
				SWIFT_VERSION = 5.0;
				TARGETED_DEVICE_FAMILY = "1,2";
				TEST_HOST = "$(BUILT_PRODUCTS_DIR)/PodcastFavorites.app/PodcastFavorites";
			};
			name = Release;
		};
/* End XCBuildConfiguration section */

/* Begin XCConfigurationList section */
		0C4FACD323A92DF200E78B85 /* Build configuration list for PBXProject "PodcastFavorites" */ = {
			isa = XCConfigurationList;
			buildConfigurations = (
				0C4FACEA23A92DF800E78B85 /* Debug */,
				0C4FACEB23A92DF800E78B85 /* Release */,
			);
			defaultConfigurationIsVisible = 0;
			defaultConfigurationName = Release;
		};
		0C4FACEC23A92DF800E78B85 /* Build configuration list for PBXNativeTarget "PodcastFavorites" */ = {
			isa = XCConfigurationList;
			buildConfigurations = (
				0C4FACED23A92DF800E78B85 /* Debug */,
				0C4FACEE23A92DF800E78B85 /* Release */,
			);
			defaultConfigurationIsVisible = 0;
			defaultConfigurationName = Release;
		};
		0C4FAD1223AA7A2C00E78B85 /* Build configuration list for PBXNativeTarget "PodcastFavoritesTests" */ = {
			isa = XCConfigurationList;
			buildConfigurations = (
				0C4FAD1323AA7A2C00E78B85 /* Debug */,
				0C4FAD1423AA7A2C00E78B85 /* Release */,
			);
			defaultConfigurationIsVisible = 0;
			defaultConfigurationName = Release;
		};
/* End XCConfigurationList section */
	};
	rootObject = 0C4FACD023A92DF200E78B85 /* Project object */;
}
